
Microsoft Visual Studio Solution File, Format Version 12.00
# Visual Studio 2013
VisualStudioVersion = 12.0.30501.0
MinimumVisualStudioVersion = 10.0.40219.1
Project("{FAE04EC0-301F-11D3-BF4B-00C04F79EFBC}") = "ZootRP", "ZootRP\ZootRP.csproj", "{7D1D21C7-A6A9-413E-AE2A-835DFA6EEABE}"
EndProject
Project("{FAE04EC0-301F-11D3-BF4B-00C04F79EFBC}") = "ZootRPTesting", "ZootRPTesting\ZootRPTesting.csproj", "{A9887702-3268-4C6C-BC85-72975E41718A}"
EndProject
Project("{FAE04EC0-301F-11D3-BF4B-00C04F79EFBC}") = "ZootRPStrings", "ZootRPStrings\ZootRPStrings.csproj", "{B5901404-BD7C-4410-B78B-9BA3EE5ADBFB}"
EndProject
Global
	GlobalSection(SolutionConfigurationPlatforms) = preSolution
		Debug|Any CPU = Debug|Any CPU
		Release|Any CPU = Release|Any CPU
	EndGlobalSection
	GlobalSection(ProjectConfigurationPlatforms) = postSolution
		{7D1D21C7-A6A9-413E-AE2A-835DFA6EEABE}.Debug|Any CPU.ActiveCfg = Debug|Any CPU
		{7D1D21C7-A6A9-413E-AE2A-835DFA6EEABE}.Debug|Any CPU.Build.0 = Debug|Any CPU
		{7D1D21C7-A6A9-413E-AE2A-835DFA6EEABE}.Release|Any CPU.ActiveCfg = Release|Any CPU
		{7D1D21C7-A6A9-413E-AE2A-835DFA6EEABE}.Release|Any CPU.Build.0 = Release|Any CPU
		{A9887702-3268-4C6C-BC85-72975E41718A}.Debug|Any CPU.ActiveCfg = Debug|Any CPU
		{A9887702-3268-4C6C-BC85-72975E41718A}.Debug|Any CPU.Build.0 = Debug|Any CPU
		{A9887702-3268-4C6C-BC85-72975E41718A}.Release|Any CPU.ActiveCfg = Release|Any CPU
		{A9887702-3268-4C6C-BC85-72975E41718A}.Release|Any CPU.Build.0 = Release|Any CPU
		{B5901404-BD7C-4410-B78B-9BA3EE5ADBFB}.Debug|Any CPU.ActiveCfg = Debug|Any CPU
		{B5901404-BD7C-4410-B78B-9BA3EE5ADBFB}.Debug|Any CPU.Build.0 = Debug|Any CPU
		{B5901404-BD7C-4410-B78B-9BA3EE5ADBFB}.Release|Any CPU.ActiveCfg = Release|Any CPU
		{B5901404-BD7C-4410-B78B-9BA3EE5ADBFB}.Release|Any CPU.Build.0 = Release|Any CPU
	EndGlobalSection
	GlobalSection(SolutionProperties) = preSolution
		HideSolutionNode = FALSE
	EndGlobalSection
EndGlobal
